
Microsoft Visual Studio Solution File, Format Version 12.00
# Visual Studio Version 17
VisualStudioVersion = 17.4.33103.184
MinimumVisualStudioVersion = 10.0.40219.1
Project("{FAE04EC0-301F-11D3-BF4B-00C04F79EFBC}") = "Chapter", "Chapter\Chapter.csproj", "{1D91C455-76D8-4AA7-A38B-CF9DD7FCE131}"
EndProject
Global
	GlobalSection(SolutionConfigurationPlatforms) = preSolution
		Debug|Any CPU = Debug|Any CPU
		Release|Any CPU = Release|Any CPU
	EndGlobalSection
	GlobalSection(ProjectConfigurationPlatforms) = postSolution
		{1D91C455-76D8-4AA7-A38B-CF9DD7FCE131}.Debug|Any CPU.ActiveCfg = Debug|Any CPU
		{1D91C455-76D8-4AA7-A38B-CF9DD7FCE131}.Debug|Any CPU.Build.0 = Debug|Any CPU
		{1D91C455-76D8-4AA7-A38B-CF9DD7FCE131}.Release|Any CPU.ActiveCfg = Release|Any CPU
		{1D91C455-76D8-4AA7-A38B-CF9DD7FCE131}.Release|Any CPU.Build.0 = Release|Any CPU
	EndGlobalSection
	GlobalSection(SolutionProperties) = preSolution
		HideSolutionNode = FALSE
	EndGlobalSection
	GlobalSection(ExtensibilityGlobals) = postSolution
		SolutionGuid = {71BF55E1-9AFB-4CBC-8019-E4C45B73502B}
	EndGlobalSection
EndGlobal
